// !$*UTF8*$!
{
	archiveVersion = 1;
	classes = {
	};
	objectVersion = 77;
	objects = {

/* Begin PBXContainerItemProxy section */
		28FD38362CC86DE100B06D34 /* PBXContainerItemProxy */ = {
			isa = PBXContainerItemProxy;
			containerPortal = 28FD381D2CC86DDF00B06D34 /* Project object */;
			proxyType = 1;
			remoteGlobalIDString = 28FD38242CC86DDF00B06D34;
			remoteInfo = DemoRacing;
		};
		28FD38402CC86DE100B06D34 /* PBXContainerItemProxy */ = {
			isa = PBXContainerItemProxy;
			containerPortal = 28FD381D2CC86DDF00B06D34 /* Project object */;
			proxyType = 1;
			remoteGlobalIDString = 28FD38242CC86DDF00B06D34;
			remoteInfo = DemoRacing;
		};
/* End PBXContainerItemProxy section */

/* Begin PBXFileReference section */
		28FD38252CC86DDF00B06D34 /* DemoRacing.app */ = {isa = PBXFileReference; explicitFileType = wrapper.application; includeInIndex = 0; path = DemoRacing.app; sourceTree = BUILT_PRODUCTS_DIR; };
		28FD38352CC86DE100B06D34 /* DemoRacingTests.xctest */ = {isa = PBXFileReference; explicitFileType = wrapper.cfbundle; includeInIndex = 0; path = DemoRacingTests.xctest; sourceTree = BUILT_PRODUCTS_DIR; };
		28FD383F2CC86DE100B06D34 /* DemoRacingUITests.xctest */ = {isa = PBXFileReference; explicitFileType = wrapper.cfbundle; includeInIndex = 0; path = DemoRacingUITests.xctest; sourceTree = BUILT_PRODUCTS_DIR; };
/* End PBXFileReference section */

/* Begin PBXFileSystemSynchronizedRootGroup section */
		28FD38272CC86DDF00B06D34 /* DemoRacing */ = {
			isa = PBXFileSystemSynchronizedRootGroup;
			path = DemoRacing;
			sourceTree = "<group>";
		};
		28FD38382CC86DE100B06D34 /* DemoRacingTests */ = {
			isa = PBXFileSystemSynchronizedRootGroup;
			path = DemoRacingTests;
			sourceTree = "<group>";
		};
		28FD38422CC86DE100B06D34 /* DemoRacingUITests */ = {
			isa = PBXFileSystemSynchronizedRootGroup;
			path = DemoRacingUITests;
			sourceTree = "<group>";
		};
/* End PBXFileSystemSynchronizedRootGroup section */

/* Begin PBXFrameworksBuildPhase section */
		28FD38222CC86DDF00B06D34 /* Frameworks */ = {
			isa = PBXFrameworksBuildPhase;
			buildActionMask = 2147483647;
			files = (
			);
			runOnlyForDeploymentPostprocessing = 0;
		};
		28FD38322CC86DE100B06D34 /* Frameworks */ = {
			isa = PBXFrameworksBuildPhase;
			buildActionMask = 2147483647;
			files = (
			);
			runOnlyForDeploymentPostprocessing = 0;
		};
		28FD383C2CC86DE100B06D34 /* Frameworks */ = {
			isa = PBXFrameworksBuildPhase;
			buildActionMask = 2147483647;
			files = (
			);
			runOnlyForDeploymentPostprocessing = 0;
		};
/* End PBXFrameworksBuildPhase section */

/* Begin PBXGroup section */
		28FD381C2CC86DDF00B06D34 = {
			isa = PBXGroup;
			children = (
				28FD38272CC86DDF00B06D34 /* DemoRacing */,
				28FD38382CC86DE100B06D34 /* DemoRacingTests */,
				28FD38422CC86DE100B06D34 /* DemoRacingUITests */,
				28FD38262CC86DDF00B06D34 /* Products */,
			);
			sourceTree = "<group>";
		};
		28FD38262CC86DDF00B06D34 /* Products */ = {
			isa = PBXGroup;
			children = (
				28FD38252CC86DDF00B06D34 /* DemoRacing.app */,
				28FD38352CC86DE100B06D34 /* DemoRacingTests.xctest */,
				28FD383F2CC86DE100B06D34 /* DemoRacingUITests.xctest */,
			);
			name = Products;
			sourceTree = "<group>";
		};
/* End PBXGroup section */

/* Begin PBXNativeTarget section */
		28FD38242CC86DDF00B06D34 /* DemoRacing */ = {
			isa = PBXNativeTarget;
			buildConfigurationList = 28FD38492CC86DE100B06D34 /* Build configuration list for PBXNativeTarget "DemoRacing" */;
			buildPhases = (
				28FD38212CC86DDF00B06D34 /* Sources */,
				28FD38222CC86DDF00B06D34 /* Frameworks */,
				28FD38232CC86DDF00B06D34 /* Resources */,
			);
			buildRules = (
			);
			dependencies = (
				28FD38542CC86E2700B06D34 /* PBXTargetDependency */,
			);
			fileSystemSynchronizedGroups = (
				28FD38272CC86DDF00B06D34 /* DemoRacing */,
			);
			name = DemoRacing;
			packageProductDependencies = (
			);
			productName = DemoRacing;
			productReference = 28FD38252CC86DDF00B06D34 /* DemoRacing.app */;
			productType = "com.apple.product-type.application";
		};
		28FD38342CC86DE100B06D34 /* DemoRacingTests */ = {
			isa = PBXNativeTarget;
			buildConfigurationList = 28FD384C2CC86DE100B06D34 /* Build configuration list for PBXNativeTarget "DemoRacingTests" */;
			buildPhases = (
				28FD38312CC86DE100B06D34 /* Sources */,
				28FD38322CC86DE100B06D34 /* Frameworks */,
				28FD38332CC86DE100B06D34 /* Resources */,
			);
			buildRules = (
			);
			dependencies = (
				28FD38372CC86DE100B06D34 /* PBXTargetDependency */,
			);
			fileSystemSynchronizedGroups = (
				28FD38382CC86DE100B06D34 /* DemoRacingTests */,
			);
			name = DemoRacingTests;
			packageProductDependencies = (
			);
			productName = DemoRacingTests;
			productReference = 28FD38352CC86DE100B06D34 /* DemoRacingTests.xctest */;
			productType = "com.apple.product-type.bundle.unit-test";
		};
		28FD383E2CC86DE100B06D34 /* DemoRacingUITests */ = {
			isa = PBXNativeTarget;
			buildConfigurationList = 28FD384F2CC86DE100B06D34 /* Build configuration list for PBXNativeTarget "DemoRacingUITests" */;
			buildPhases = (
				28FD383B2CC86DE100B06D34 /* Sources */,
				28FD383C2CC86DE100B06D34 /* Frameworks */,
				28FD383D2CC86DE100B06D34 /* Resources */,
			);
			buildRules = (
			);
			dependencies = (
				28FD38412CC86DE100B06D34 /* PBXTargetDependency */,
			);
			fileSystemSynchronizedGroups = (
				28FD38422CC86DE100B06D34 /* DemoRacingUITests */,
			);
			name = DemoRacingUITests;
			packageProductDependencies = (
			);
			productName = DemoRacingUITests;
			productReference = 28FD383F2CC86DE100B06D34 /* DemoRacingUITests.xctest */;
			productType = "com.apple.product-type.bundle.ui-testing";
		};
/* End PBXNativeTarget section */

/* Begin PBXProject section */
		28FD381D2CC86DDF00B06D34 /* Project object */ = {
			isa = PBXProject;
			attributes = {
				BuildIndependentTargetsInParallel = 1;
				LastSwiftUpdateCheck = 1600;
				LastUpgradeCheck = 1600;
				TargetAttributes = {
					28FD38242CC86DDF00B06D34 = {
						CreatedOnToolsVersion = 16.0;
					};
					28FD38342CC86DE100B06D34 = {
						CreatedOnToolsVersion = 16.0;
						TestTargetID = 28FD38242CC86DDF00B06D34;
					};
					28FD383E2CC86DE100B06D34 = {
						CreatedOnToolsVersion = 16.0;
						TestTargetID = 28FD38242CC86DDF00B06D34;
					};
				};
			};
			buildConfigurationList = 28FD38202CC86DDF00B06D34 /* Build configuration list for PBXProject "DemoRacing" */;
			developmentRegion = en;
			hasScannedForEncodings = 0;
			knownRegions = (
				en,
				Base,
			);
			mainGroup = 28FD381C2CC86DDF00B06D34;
			minimizedProjectReferenceProxies = 1;
			packageReferences = (
				28FD38522CC86E1300B06D34 /* XCRemoteSwiftPackageReference "SwiftLintPlugins" */,
			);
			preferredProjectObjectVersion = 77;
			productRefGroup = 28FD38262CC86DDF00B06D34 /* Products */;
			projectDirPath = "";
			projectRoot = "";
			targets = (
				28FD38242CC86DDF00B06D34 /* DemoRacing */,
				28FD38342CC86DE100B06D34 /* DemoRacingTests */,
				28FD383E2CC86DE100B06D34 /* DemoRacingUITests */,
			);
		};
/* End PBXProject section */

/* Begin PBXResourcesBuildPhase section */
		28FD38232CC86DDF00B06D34 /* Resources */ = {
			isa = PBXResourcesBuildPhase;
			buildActionMask = 2147483647;
			files = (
			);
			runOnlyForDeploymentPostprocessing = 0;
		};
		28FD38332CC86DE100B06D34 /* Resources */ = {
			isa = PBXResourcesBuildPhase;
			buildActionMask = 2147483647;
			files = (
			);
			runOnlyForDeploymentPostprocessing = 0;
		};
		28FD383D2CC86DE100B06D34 /* Resources */ = {
			isa = PBXResourcesBuildPhase;
			buildActionMask = 2147483647;
			files = (
			);
			runOnlyForDeploymentPostprocessing = 0;
		};
/* End PBXResourcesBuildPhase section */

/* Begin PBXSourcesBuildPhase section */
		28FD38212CC86DDF00B06D34 /* Sources */ = {
			isa = PBXSourcesBuildPhase;
			buildActionMask = 2147483647;
			files = (
			);
			runOnlyForDeploymentPostprocessing = 0;
		};
		28FD38312CC86DE100B06D34 /* Sources */ = {
			isa = PBXSourcesBuildPhase;
			buildActionMask = 2147483647;
			files = (
			);
			runOnlyForDeploymentPostprocessing = 0;
		};
		28FD383B2CC86DE100B06D34 /* Sources */ = {
			isa = PBXSourcesBuildPhase;
			buildActionMask = 2147483647;
			files = (
			);
			runOnlyForDeploymentPostprocessing = 0;
		};
/* End PBXSourcesBuildPhase section */

/* Begin PBXTargetDependency section */
		28FD38372CC86DE100B06D34 /* PBXTargetDependency */ = {
			isa = PBXTargetDependency;
			target = 28FD38242CC86DDF00B06D34 /* DemoRacing */;
			targetProxy = 28FD38362CC86DE100B06D34 /* PBXContainerItemProxy */;
		};
		28FD38412CC86DE100B06D34 /* PBXTargetDependency */ = {
			isa = PBXTargetDependency;
			target = 28FD38242CC86DDF00B06D34 /* DemoRacing */;
			targetProxy = 28FD38402CC86DE100B06D34 /* PBXContainerItemProxy */;
		};
		28FD38542CC86E2700B06D34 /* PBXTargetDependency */ = {
			isa = PBXTargetDependency;
			productRef = 28FD38532CC86E2700B06D34 /* SwiftLintBuildToolPlugin */;
		};
/* End PBXTargetDependency section */

/* Begin XCBuildConfiguration section */
		28FD38472CC86DE100B06D34 /* Debug */ = {
			isa = XCBuildConfiguration;
			buildSettings = {
				ALWAYS_SEARCH_USER_PATHS = NO;
				ASSETCATALOG_COMPILER_GENERATE_SWIFT_ASSET_SYMBOL_EXTENSIONS = YES;
				CLANG_ANALYZER_NONNULL = YES;
				CLANG_ANALYZER_NUMBER_OBJECT_CONVERSION = YES_AGGRESSIVE;
				CLANG_CXX_LANGUAGE_STANDARD = "gnu++20";
				CLANG_ENABLE_MODULES = YES;
				CLANG_ENABLE_OBJC_ARC = YES;
				CLANG_ENABLE_OBJC_WEAK = YES;
				CLANG_WARN_BLOCK_CAPTURE_AUTORELEASING = YES;
				CLANG_WARN_BOOL_CONVERSION = YES;
				CLANG_WARN_COMMA = YES;
				CLANG_WARN_CONSTANT_CONVERSION = YES;
				CLANG_WARN_DEPRECATED_OBJC_IMPLEMENTATIONS = YES;
				CLANG_WARN_DIRECT_OBJC_ISA_USAGE = YES_ERROR;
				CLANG_WARN_DOCUMENTATION_COMMENTS = YES;
				CLANG_WARN_EMPTY_BODY = YES;
				CLANG_WARN_ENUM_CONVERSION = YES;
				CLANG_WARN_INFINITE_RECURSION = YES;
				CLANG_WARN_INT_CONVERSION = YES;
				CLANG_WARN_NON_LITERAL_NULL_CONVERSION = YES;
				CLANG_WARN_OBJC_IMPLICIT_RETAIN_SELF = YES;
				CLANG_WARN_OBJC_LITERAL_CONVERSION = YES;
				CLANG_WARN_OBJC_ROOT_CLASS = YES_ERROR;
				CLANG_WARN_QUOTED_INCLUDE_IN_FRAMEWORK_HEADER = YES;
				CLANG_WARN_RANGE_LOOP_ANALYSIS = YES;
				CLANG_WARN_STRICT_PROTOTYPES = YES;
				CLANG_WARN_SUSPICIOUS_MOVE = YES;
				CLANG_WARN_UNGUARDED_AVAILABILITY = YES_AGGRESSIVE;
				CLANG_WARN_UNREACHABLE_CODE = YES;
				CLANG_WARN__DUPLICATE_METHOD_MATCH = YES;
				COPY_PHASE_STRIP = NO;
				DEBUG_INFORMATION_FORMAT = dwarf;
				ENABLE_STRICT_OBJC_MSGSEND = YES;
				ENABLE_TESTABILITY = YES;
				ENABLE_USER_SCRIPT_SANDBOXING = YES;
				GCC_C_LANGUAGE_STANDARD = gnu17;
				GCC_DYNAMIC_NO_PIC = NO;
				GCC_NO_COMMON_BLOCKS = YES;
				GCC_OPTIMIZATION_LEVEL = 0;
				GCC_PREPROCESSOR_DEFINITIONS = (
					"DEBUG=1",
					"$(inherited)",
				);
				GCC_WARN_64_TO_32_BIT_CONVERSION = YES;
				GCC_WARN_ABOUT_RETURN_TYPE = YES_ERROR;
				GCC_WARN_UNDECLARED_SELECTOR = YES;
				GCC_WARN_UNINITIALIZED_AUTOS = YES_AGGRESSIVE;
				GCC_WARN_UNUSED_FUNCTION = YES;
				GCC_WARN_UNUSED_VARIABLE = YES;
				IPHONEOS_DEPLOYMENT_TARGET = 18.0;
				LOCALIZATION_PREFERS_STRING_CATALOGS = YES;
				MTL_ENABLE_DEBUG_INFO = INCLUDE_SOURCE;
				MTL_FAST_MATH = YES;
				ONLY_ACTIVE_ARCH = YES;
				SDKROOT = iphoneos;
				SWIFT_ACTIVE_COMPILATION_CONDITIONS = "DEBUG $(inherited)";
				SWIFT_EMIT_LOC_STRINGS = YES;
				SWIFT_OPTIMIZATION_LEVEL = "-Onone";
			};
			name = Debug;
		};
		28FD38482CC86DE100B06D34 /* Release */ = {
			isa = XCBuildConfiguration;
			buildSettings = {
				ALWAYS_SEARCH_USER_PATHS = NO;
				ASSETCATALOG_COMPILER_GENERATE_SWIFT_ASSET_SYMBOL_EXTENSIONS = YES;
				CLANG_ANALYZER_NONNULL = YES;
				CLANG_ANALYZER_NUMBER_OBJECT_CONVERSION = YES_AGGRESSIVE;
				CLANG_CXX_LANGUAGE_STANDARD = "gnu++20";
				CLANG_ENABLE_MODULES = YES;
				CLANG_ENABLE_OBJC_ARC = YES;
				CLANG_ENABLE_OBJC_WEAK = YES;
				CLANG_WARN_BLOCK_CAPTURE_AUTORELEASING = YES;
				CLANG_WARN_BOOL_CONVERSION = YES;
				CLANG_WARN_COMMA = YES;
				CLANG_WARN_CONSTANT_CONVERSION = YES;
				CLANG_WARN_DEPRECATED_OBJC_IMPLEMENTATIONS = YES;
				CLANG_WARN_DIRECT_OBJC_ISA_USAGE = YES_ERROR;
				CLANG_WARN_DOCUMENTATION_COMMENTS = YES;
				CLANG_WARN_EMPTY_BODY = YES;
				CLANG_WARN_ENUM_CONVERSION = YES;
				CLANG_WARN_INFINITE_RECURSION = YES;
				CLANG_WARN_INT_CONVERSION = YES;
				CLANG_WARN_NON_LITERAL_NULL_CONVERSION = YES;
				CLANG_WARN_OBJC_IMPLICIT_RETAIN_SELF = YES;
				CLANG_WARN_OBJC_LITERAL_CONVERSION = YES;
				CLANG_WARN_OBJC_ROOT_CLASS = YES_ERROR;
				CLANG_WARN_QUOTED_INCLUDE_IN_FRAMEWORK_HEADER = YES;
				CLANG_WARN_RANGE_LOOP_ANALYSIS = YES;
				CLANG_WARN_STRICT_PROTOTYPES = YES;
				CLANG_WARN_SUSPICIOUS_MOVE = YES;
				CLANG_WARN_UNGUARDED_AVAILABILITY = YES_AGGRESSIVE;
				CLANG_WARN_UNREACHABLE_CODE = YES;
				CLANG_WARN__DUPLICATE_METHOD_MATCH = YES;
				COPY_PHASE_STRIP = NO;
				DEBUG_INFORMATION_FORMAT = "dwarf-with-dsym";
				ENABLE_NS_ASSERTIONS = NO;
				ENABLE_STRICT_OBJC_MSGSEND = YES;
				ENABLE_USER_SCRIPT_SANDBOXING = YES;
				GCC_C_LANGUAGE_STANDARD = gnu17;
				GCC_NO_COMMON_BLOCKS = YES;
				GCC_WARN_64_TO_32_BIT_CONVERSION = YES;
				GCC_WARN_ABOUT_RETURN_TYPE = YES_ERROR;
				GCC_WARN_UNDECLARED_SELECTOR = YES;
				GCC_WARN_UNINITIALIZED_AUTOS = YES_AGGRESSIVE;
				GCC_WARN_UNUSED_FUNCTION = YES;
				GCC_WARN_UNUSED_VARIABLE = YES;
				IPHONEOS_DEPLOYMENT_TARGET = 18.0;
				LOCALIZATION_PREFERS_STRING_CATALOGS = YES;
				MTL_ENABLE_DEBUG_INFO = NO;
				MTL_FAST_MATH = YES;
				SDKROOT = iphoneos;
				SWIFT_COMPILATION_MODE = wholemodule;
				SWIFT_EMIT_LOC_STRINGS = YES;
				VALIDATE_PRODUCT = YES;
			};
			name = Release;
		};
		28FD384A2CC86DE100B06D34 /* Debug */ = {
			isa = XCBuildConfiguration;
			buildSettings = {
				ASSETCATALOG_COMPILER_APPICON_NAME = AppIcon;
				ASSETCATALOG_COMPILER_GLOBAL_ACCENT_COLOR_NAME = AccentColor;
				CODE_SIGN_STYLE = Automatic;
				CURRENT_PROJECT_VERSION = 1;
				DEVELOPMENT_ASSET_PATHS = "\"DemoRacing/Preview Content\"";
				DEVELOPMENT_TEAM = "";
				ENABLE_PREVIEWS = YES;
				GENERATE_INFOPLIST_FILE = YES;
				INFOPLIST_KEY_UIApplicationSceneManifest_Generation = YES;
				INFOPLIST_KEY_UIApplicationSupportsIndirectInputEvents = YES;
				INFOPLIST_KEY_UILaunchScreen_Generation = YES;
				INFOPLIST_KEY_UISupportedInterfaceOrientations_iPad = "UIInterfaceOrientationPortrait UIInterfaceOrientationPortraitUpsideDown UIInterfaceOrientationLandscapeLeft UIInterfaceOrientationLandscapeRight";
				INFOPLIST_KEY_UISupportedInterfaceOrientations_iPhone = "UIInterfaceOrientationPortrait UIInterfaceOrientationLandscapeLeft UIInterfaceOrientationLandscapeRight";
				LD_RUNPATH_SEARCH_PATHS = (
					"$(inherited)",
					"@executable_path/Frameworks",
				);
				MARKETING_VERSION = 1.0;
				PRODUCT_BUNDLE_IDENTIFIER = au.com.entaingroup.DemoRacing;
				PRODUCT_NAME = "$(TARGET_NAME)";
				SWIFT_EMIT_LOC_STRINGS = YES;
				SWIFT_VERSION = 5.0;
				TARGETED_DEVICE_FAMILY = "1,2";
			};
			name = Debug;
		};
		28FD384B2CC86DE100B06D34 /* Release */ = {
			isa = XCBuildConfiguration;
			buildSettings = {
				ASSETCATALOG_COMPILER_APPICON_NAME = AppIcon;
				ASSETCATALOG_COMPILER_GLOBAL_ACCENT_COLOR_NAME = AccentColor;
				CODE_SIGN_STYLE = Automatic;
				CURRENT_PROJECT_VERSION = 1;
				DEVELOPMENT_ASSET_PATHS = "\"DemoRacing/Preview Content\"";
				DEVELOPMENT_TEAM = "";
				ENABLE_PREVIEWS = YES;
				GENERATE_INFOPLIST_FILE = YES;
				INFOPLIST_KEY_UIApplicationSceneManifest_Generation = YES;
				INFOPLIST_KEY_UIApplicationSupportsIndirectInputEvents = YES;
				INFOPLIST_KEY_UILaunchScreen_Generation = YES;
				INFOPLIST_KEY_UISupportedInterfaceOrientations_iPad = "UIInterfaceOrientationPortrait UIInterfaceOrientationPortraitUpsideDown UIInterfaceOrientationLandscapeLeft UIInterfaceOrientationLandscapeRight";
				INFOPLIST_KEY_UISupportedInterfaceOrientations_iPhone = "UIInterfaceOrientationPortrait UIInterfaceOrientationLandscapeLeft UIInterfaceOrientationLandscapeRight";
				LD_RUNPATH_SEARCH_PATHS = (
					"$(inherited)",
					"@executable_path/Frameworks",
				);
				MARKETING_VERSION = 1.0;
				PRODUCT_BUNDLE_IDENTIFIER = au.com.entaingroup.DemoRacing;
				PRODUCT_NAME = "$(TARGET_NAME)";
				SWIFT_EMIT_LOC_STRINGS = YES;
				SWIFT_VERSION = 5.0;
				TARGETED_DEVICE_FAMILY = "1,2";
			};
			name = Release;
		};
		28FD384D2CC86DE100B06D34 /* Debug */ = {
			isa = XCBuildConfiguration;
			buildSettings = {
				BUNDLE_LOADER = "$(TEST_HOST)";
				CODE_SIGN_STYLE = Automatic;
				CURRENT_PROJECT_VERSION = 1;
				GENERATE_INFOPLIST_FILE = YES;
				IPHONEOS_DEPLOYMENT_TARGET = 18.0;
				MARKETING_VERSION = 1.0;
				PRODUCT_BUNDLE_IDENTIFIER = au.com.entaingroup.DemoRacingTests;
				PRODUCT_NAME = "$(TARGET_NAME)";
				SWIFT_EMIT_LOC_STRINGS = NO;
				SWIFT_VERSION = 5.0;
				TARGETED_DEVICE_FAMILY = "1,2";
				TEST_HOST = "$(BUILT_PRODUCTS_DIR)/DemoRacing.app/$(BUNDLE_EXECUTABLE_FOLDER_PATH)/DemoRacing";
			};
			name = Debug;
		};
		28FD384E2CC86DE100B06D34 /* Release */ = {
			isa = XCBuildConfiguration;
			buildSettings = {
				BUNDLE_LOADER = "$(TEST_HOST)";
				CODE_SIGN_STYLE = Automatic;
				CURRENT_PROJECT_VERSION = 1;
				GENERATE_INFOPLIST_FILE = YES;
				IPHONEOS_DEPLOYMENT_TARGET = 18.0;
				MARKETING_VERSION = 1.0;
				PRODUCT_BUNDLE_IDENTIFIER = au.com.entaingroup.DemoRacingTests;
				PRODUCT_NAME = "$(TARGET_NAME)";
				SWIFT_EMIT_LOC_STRINGS = NO;
				SWIFT_VERSION = 5.0;
				TARGETED_DEVICE_FAMILY = "1,2";
				TEST_HOST = "$(BUILT_PRODUCTS_DIR)/DemoRacing.app/$(BUNDLE_EXECUTABLE_FOLDER_PATH)/DemoRacing";
			};
			name = Release;
		};
		28FD38502CC86DE100B06D34 /* Debug */ = {
			isa = XCBuildConfiguration;
			buildSettings = {
				CODE_SIGN_STYLE = Automatic;
				CURRENT_PROJECT_VERSION = 1;
				GENERATE_INFOPLIST_FILE = YES;
				MARKETING_VERSION = 1.0;
				PRODUCT_BUNDLE_IDENTIFIER = au.com.entaingroup.DemoRacingUITests;
				PRODUCT_NAME = "$(TARGET_NAME)";
				SWIFT_EMIT_LOC_STRINGS = NO;
				SWIFT_VERSION = 5.0;
				TARGETED_DEVICE_FAMILY = "1,2";
				TEST_TARGET_NAME = DemoRacing;
			};
			name = Debug;
		};
		28FD38512CC86DE100B06D34 /* Release */ = {
			isa = XCBuildConfiguration;
			buildSettings = {
				CODE_SIGN_STYLE = Automatic;
				CURRENT_PROJECT_VERSION = 1;
				GENERATE_INFOPLIST_FILE = YES;
				MARKETING_VERSION = 1.0;
				PRODUCT_BUNDLE_IDENTIFIER = au.com.entaingroup.DemoRacingUITests;
				PRODUCT_NAME = "$(TARGET_NAME)";
				SWIFT_EMIT_LOC_STRINGS = NO;
				SWIFT_VERSION = 5.0;
				TARGETED_DEVICE_FAMILY = "1,2";
				TEST_TARGET_NAME = DemoRacing;
			};
			name = Release;
		};
/* End XCBuildConfiguration section */

/* Begin XCConfigurationList section */
		28FD38202CC86DDF00B06D34 /* Build configuration list for PBXProject "DemoRacing" */ = {
			isa = XCConfigurationList;
			buildConfigurations = (
				28FD38472CC86DE100B06D34 /* Debug */,
				28FD38482CC86DE100B06D34 /* Release */,
			);
			defaultConfigurationIsVisible = 0;
			defaultConfigurationName = Release;
		};
		28FD38492CC86DE100B06D34 /* Build configuration list for PBXNativeTarget "DemoRacing" */ = {
			isa = XCConfigurationList;
			buildConfigurations = (
				28FD384A2CC86DE100B06D34 /* Debug */,
				28FD384B2CC86DE100B06D34 /* Release */,
			);
			defaultConfigurationIsVisible = 0;
			defaultConfigurationName = Release;
		};
		28FD384C2CC86DE100B06D34 /* Build configuration list for PBXNativeTarget "DemoRacingTests" */ = {
			isa = XCConfigurationList;
			buildConfigurations = (
				28FD384D2CC86DE100B06D34 /* Debug */,
				28FD384E2CC86DE100B06D34 /* Release */,
			);
			defaultConfigurationIsVisible = 0;
			defaultConfigurationName = Release;
		};
		28FD384F2CC86DE100B06D34 /* Build configuration list for PBXNativeTarget "DemoRacingUITests" */ = {
			isa = XCConfigurationList;
			buildConfigurations = (
				28FD38502CC86DE100B06D34 /* Debug */,
				28FD38512CC86DE100B06D34 /* Release */,
			);
			defaultConfigurationIsVisible = 0;
			defaultConfigurationName = Release;
		};
/* End XCConfigurationList section */

/* Begin XCRemoteSwiftPackageReference section */
		28FD38522CC86E1300B06D34 /* XCRemoteSwiftPackageReference "SwiftLintPlugins" */ = {
			isa = XCRemoteSwiftPackageReference;
			repositoryURL = "https://github.com/SimplyDanny/SwiftLintPlugins";
			requirement = {
				kind = exactVersion;
				version = 0.57.0;
			};
		};
/* End XCRemoteSwiftPackageReference section */

/* Begin XCSwiftPackageProductDependency section */
		28FD38532CC86E2700B06D34 /* SwiftLintBuildToolPlugin */ = {
			isa = XCSwiftPackageProductDependency;
			package = 28FD38522CC86E1300B06D34 /* XCRemoteSwiftPackageReference "SwiftLintPlugins" */;
			productName = "plugin:SwiftLintBuildToolPlugin";
		};
/* End XCSwiftPackageProductDependency section */
	};
	rootObject = 28FD381D2CC86DDF00B06D34 /* Project object */;
}
